
Microsoft Visual Studio Solution File, Format Version 12.00
# Visual Studio Version 16
VisualStudioVersion = 16.0.29020.237
MinimumVisualStudioVersion = 10.0.40219.1
Project("{FAE04EC0-301F-11D3-BF4B-00C04F79EFBC}") = "CaliSpeed", "CaliSpeed\CaliSpeed.csproj", "{8D24F094-9AFE-4EC7-9B90-BEEA0F08D494}"
EndProject
Global
	GlobalSection(SolutionConfigurationPlatforms) = preSolution
		Debug|Any CPU = Debug|Any CPU
		Release|Any CPU = Release|Any CPU
	EndGlobalSection
	GlobalSection(ProjectConfigurationPlatforms) = postSolution
		{8D24F094-9AFE-4EC7-9B90-BEEA0F08D494}.Debug|Any CPU.ActiveCfg = Debug|Any CPU
		{8D24F094-9AFE-4EC7-9B90-BEEA0F08D494}.Debug|Any CPU.Build.0 = Debug|Any CPU
		{8D24F094-9AFE-4EC7-9B90-BEEA0F08D494}.Release|Any CPU.ActiveCfg = Release|Any CPU
		{8D24F094-9AFE-4EC7-9B90-BEEA0F08D494}.Release|Any CPU.Build.0 = Release|Any CPU
	EndGlobalSection
	GlobalSection(SolutionProperties) = preSolution
		HideSolutionNode = FALSE
	EndGlobalSection
	GlobalSection(ExtensibilityGlobals) = postSolution
		SolutionGuid = {3F138B4F-5C5E-4771-AE32-7E229D698DF0}
	EndGlobalSection
EndGlobal
